// !$*UTF8*$!
{
	archiveVersion = 1;
	classes = {
	};
	objectVersion = 56;
	objects = {

/* Begin PBXBuildFile section */
		D47983302C4482E80077746A /* SwipeActionIndicatorView.swift in Sources */ = {isa = PBXBuildFile; fileRef = D479832F2C4482E80077746A /* SwipeActionIndicatorView.swift */; };
		D47983332C46A2CE0077746A /* SizeConstants.swift in Sources */ = {isa = PBXBuildFile; fileRef = D47983322C46A2CE0077746A /* SizeConstants.swift */; };
		D47983352C4702DB0077746A /* CardStackView.swift in Sources */ = {isa = PBXBuildFile; fileRef = D47983342C4702DB0077746A /* CardStackView.swift */; };
		D479833C2C4720D10077746A /* User.swift in Sources */ = {isa = PBXBuildFile; fileRef = D479833B2C4720D10077746A /* User.swift */; };
		D479833E2C47212D0077746A /* Card.swift in Sources */ = {isa = PBXBuildFile; fileRef = D479833D2C47212D0077746A /* Card.swift */; };
		D47983412C4721F00077746A /* CardViewModel.swift in Sources */ = {isa = PBXBuildFile; fileRef = D47983402C4721F00077746A /* CardViewModel.swift */; };
		D47983442C4726C70077746A /* CardApiService.swift in Sources */ = {isa = PBXBuildFile; fileRef = D47983432C4726C70077746A /* CardApiService.swift */; };
		D47983472C472E110077746A /* CardMock.swift in Sources */ = {isa = PBXBuildFile; fileRef = D47983462C472E110077746A /* CardMock.swift */; };
		D47983492C47EBB10077746A /* ImageScrollingOverlay.swift in Sources */ = {isa = PBXBuildFile; fileRef = D47983482C47EBB10077746A /* ImageScrollingOverlay.swift */; };
		D479834B2C4805970077746A /* UserApiService.swift in Sources */ = {isa = PBXBuildFile; fileRef = D479834A2C4805970077746A /* UserApiService.swift */; };
		D48A7B642C39D08F00D3EDF7 /* StylorApp.swift in Sources */ = {isa = PBXBuildFile; fileRef = D48A7B632C39D08F00D3EDF7 /* StylorApp.swift */; };
		D48A7B662C39D08F00D3EDF7 /* AuthenticationView.swift in Sources */ = {isa = PBXBuildFile; fileRef = D48A7B652C39D08F00D3EDF7 /* AuthenticationView.swift */; };
		D48A7B682C39D09000D3EDF7 /* Assets.xcassets in Resources */ = {isa = PBXBuildFile; fileRef = D48A7B672C39D09000D3EDF7 /* Assets.xcassets */; };
		D48A7B6B2C39D09000D3EDF7 /* Preview Assets.xcassets in Resources */ = {isa = PBXBuildFile; fileRef = D48A7B6A2C39D09000D3EDF7 /* Preview Assets.xcassets */; };
		D48A7B752C39D09000D3EDF7 /* StylorTests.swift in Sources */ = {isa = PBXBuildFile; fileRef = D48A7B742C39D09000D3EDF7 /* StylorTests.swift */; };
		D48A7B7F2C39D09000D3EDF7 /* StylorUITests.swift in Sources */ = {isa = PBXBuildFile; fileRef = D48A7B7E2C39D09000D3EDF7 /* StylorUITests.swift */; };
		D48A7B812C39D09000D3EDF7 /* StylorUITestsLaunchTests.swift in Sources */ = {isa = PBXBuildFile; fileRef = D48A7B802C39D09000D3EDF7 /* StylorUITestsLaunchTests.swift */; };
		D48A7B9A2C39D22C00D3EDF7 /* MainTabView.swift in Sources */ = {isa = PBXBuildFile; fileRef = D48A7B992C39D22C00D3EDF7 /* MainTabView.swift */; };
		D48A7B9C2C39DACF00D3EDF7 /* CardView.swift in Sources */ = {isa = PBXBuildFile; fileRef = D48A7B9B2C39DACF00D3EDF7 /* CardView.swift */; };
		D48A7B9F2C39DE3D00D3EDF7 /* UserInfoView.swift in Sources */ = {isa = PBXBuildFile; fileRef = D48A7B9E2C39DE3D00D3EDF7 /* UserInfoView.swift */; };
		D48A7BA32C3DACBD00D3EDF7 /* GoogleService-Info.plist in Resources */ = {isa = PBXBuildFile; fileRef = D48A7BA22C3DACBD00D3EDF7 /* GoogleService-Info.plist */; };
		D48A7BA92C3DAFD600D3EDF7 /* FirebaseAnalytics in Frameworks */ = {isa = PBXBuildFile; productRef = D48A7BA82C3DAFD600D3EDF7 /* FirebaseAnalytics */; };
		D48A7BAB2C3DAFD600D3EDF7 /* FirebaseAuth in Frameworks */ = {isa = PBXBuildFile; productRef = D48A7BAA2C3DAFD600D3EDF7 /* FirebaseAuth */; };
		D48A7BAD2C3DAFD600D3EDF7 /* FirebaseDatabase in Frameworks */ = {isa = PBXBuildFile; productRef = D48A7BAC2C3DAFD600D3EDF7 /* FirebaseDatabase */; };
		D48A7BB22C3EFBAB00D3EDF7 /* LoginViewController.swift in Sources */ = {isa = PBXBuildFile; fileRef = D48A7BB12C3EFBAB00D3EDF7 /* LoginViewController.swift */; };
		D48A7BB42C40846F00D3EDF7 /* RegisterViewModel.swift in Sources */ = {isa = PBXBuildFile; fileRef = D48A7BB32C40846F00D3EDF7 /* RegisterViewModel.swift */; };
		D49EA5152C496AF100097B49 /* FirebaseAnalytics in Frameworks */ = {isa = PBXBuildFile; productRef = D49EA5142C496AF100097B49 /* FirebaseAnalytics */; };
		D49EA5172C496AF100097B49 /* FirebaseAnalyticsOnDeviceConversion in Frameworks */ = {isa = PBXBuildFile; productRef = D49EA5162C496AF100097B49 /* FirebaseAnalyticsOnDeviceConversion */; };
		D49EA5192C496AF100097B49 /* FirebaseAnalyticsSwift in Frameworks */ = {isa = PBXBuildFile; productRef = D49EA5182C496AF100097B49 /* FirebaseAnalyticsSwift */; };
		D49EA51B2C496AF100097B49 /* FirebaseAnalyticsWithoutAdIdSupport in Frameworks */ = {isa = PBXBuildFile; productRef = D49EA51A2C496AF100097B49 /* FirebaseAnalyticsWithoutAdIdSupport */; };
		D49EA51D2C496AF100097B49 /* FirebaseAppCheck in Frameworks */ = {isa = PBXBuildFile; productRef = D49EA51C2C496AF100097B49 /* FirebaseAppCheck */; };
		D49EA51F2C496AF100097B49 /* FirebaseAppDistribution-Beta in Frameworks */ = {isa = PBXBuildFile; productRef = D49EA51E2C496AF100097B49 /* FirebaseAppDistribution-Beta */; };
		D49EA5212C496AF100097B49 /* FirebaseAuthCombine-Community in Frameworks */ = {isa = PBXBuildFile; productRef = D49EA5202C496AF100097B49 /* FirebaseAuthCombine-Community */; };
		D49EA5232C496AF100097B49 /* FirebaseCrashlytics in Frameworks */ = {isa = PBXBuildFile; productRef = D49EA5222C496AF100097B49 /* FirebaseCrashlytics */; };
		D49EA5252C496AF100097B49 /* FirebaseDatabaseSwift in Frameworks */ = {isa = PBXBuildFile; productRef = D49EA5242C496AF100097B49 /* FirebaseDatabaseSwift */; };
		D49EA5272C496AF100097B49 /* FirebaseDynamicLinks in Frameworks */ = {isa = PBXBuildFile; productRef = D49EA5262C496AF100097B49 /* FirebaseDynamicLinks */; };
		D49EA5292C496AF100097B49 /* FirebaseFirestore in Frameworks */ = {isa = PBXBuildFile; productRef = D49EA5282C496AF100097B49 /* FirebaseFirestore */; };
		D49EA52B2C496AF100097B49 /* FirebaseFirestoreCombine-Community in Frameworks */ = {isa = PBXBuildFile; productRef = D49EA52A2C496AF100097B49 /* FirebaseFirestoreCombine-Community */; };
		D49EA52D2C496AF100097B49 /* FirebaseFirestoreSwift in Frameworks */ = {isa = PBXBuildFile; productRef = D49EA52C2C496AF100097B49 /* FirebaseFirestoreSwift */; };
		D49EA52F2C496AF100097B49 /* FirebaseFunctions in Frameworks */ = {isa = PBXBuildFile; productRef = D49EA52E2C496AF100097B49 /* FirebaseFunctions */; };
		D49EA5312C496AF100097B49 /* FirebaseFunctionsCombine-Community in Frameworks */ = {isa = PBXBuildFile; productRef = D49EA5302C496AF100097B49 /* FirebaseFunctionsCombine-Community */; };
		D49EA5332C496AF100097B49 /* FirebaseInAppMessaging-Beta in Frameworks */ = {isa = PBXBuildFile; productRef = D49EA5322C496AF100097B49 /* FirebaseInAppMessaging-Beta */; };
		D49EA5352C4979D300097B49 /* ConvertionUtils.swift in Sources */ = {isa = PBXBuildFile; fileRef = D49EA5342C4979D300097B49 /* ConvertionUtils.swift */; };
		D49EA5382C49D64200097B49 /* NameAgeRegistration.swift in Sources */ = {isa = PBXBuildFile; fileRef = D49EA5372C49D64200097B49 /* NameAgeRegistration.swift */; };
		D49EA53A2C49D66500097B49 /* MailPasswordRegistration.swift in Sources */ = {isa = PBXBuildFile; fileRef = D49EA5392C49D66500097B49 /* MailPasswordRegistration.swift */; };
		D49EA53C2C49D67700097B49 /* PicturesRegistration.swift in Sources */ = {isa = PBXBuildFile; fileRef = D49EA53B2C49D67700097B49 /* PicturesRegistration.swift */; };
		D49EA5402C4AAA5D00097B49 /* LandingView.swift in Sources */ = {isa = PBXBuildFile; fileRef = D49EA53F2C4AAA5D00097B49 /* LandingView.swift */; };
		D49EA5422C4BC58800097B49 /* ImageApiService.swift in Sources */ = {isa = PBXBuildFile; fileRef = D49EA5412C4BC58800097B49 /* ImageApiService.swift */; };
		D49EA5442C4BC67700097B49 /* FirebaseAuth in Frameworks */ = {isa = PBXBuildFile; productRef = D49EA5432C4BC67700097B49 /* FirebaseAuth */; };
		D49EA5462C4BC67700097B49 /* FirebaseStorage in Frameworks */ = {isa = PBXBuildFile; productRef = D49EA5452C4BC67700097B49 /* FirebaseStorage */; };
		D49EA5482C4BC67700097B49 /* FirebaseStorageCombine-Community in Frameworks */ = {isa = PBXBuildFile; productRef = D49EA5472C4BC67700097B49 /* FirebaseStorageCombine-Community */; };
		D49EA54C2C4D7E3600097B49 /* UserDataService.swift in Sources */ = {isa = PBXBuildFile; fileRef = D49EA54B2C4D7E3600097B49 /* UserDataService.swift */; };
		D49EA54F2C4D97AF00097B49 /* SpinnerView.swift in Sources */ = {isa = PBXBuildFile; fileRef = D49EA54E2C4D97AF00097B49 /* SpinnerView.swift */; };
		D49EA5522C5034A100097B49 /* ImagePicker.swift in Sources */ = {isa = PBXBuildFile; fileRef = D49EA5512C5034A100097B49 /* ImagePicker.swift */; };
		D49EA5542C50460B00097B49 /* SceneDelegate.swift in Sources */ = {isa = PBXBuildFile; fileRef = D49EA5532C50460B00097B49 /* SceneDelegate.swift */; };
		D49EA5592C52C63300097B49 /* PortfolioView.swift in Sources */ = {isa = PBXBuildFile; fileRef = D49EA5582C52C63300097B49 /* PortfolioView.swift */; };
		D49EA55B2C53CD1E00097B49 /* Occupation.swift in Sources */ = {isa = PBXBuildFile; fileRef = D49EA55A2C53CD1E00097B49 /* Occupation.swift */; };
		D49EA55F2C540FEA00097B49 /* OccupationChoiceView.swift in Sources */ = {isa = PBXBuildFile; fileRef = D49EA55E2C540FEA00097B49 /* OccupationChoiceView.swift */; };
/* End PBXBuildFile section */

/* Begin PBXContainerItemProxy section */
		D48A7B712C39D09000D3EDF7 /* PBXContainerItemProxy */ = {
			isa = PBXContainerItemProxy;
			containerPortal = D48A7B582C39D08F00D3EDF7 /* Project object */;
			proxyType = 1;
			remoteGlobalIDString = D48A7B5F2C39D08F00D3EDF7;
			remoteInfo = Stylor;
		};
		D48A7B7B2C39D09000D3EDF7 /* PBXContainerItemProxy */ = {
			isa = PBXContainerItemProxy;
			containerPortal = D48A7B582C39D08F00D3EDF7 /* Project object */;
			proxyType = 1;
			remoteGlobalIDString = D48A7B5F2C39D08F00D3EDF7;
			remoteInfo = Stylor;
		};
/* End PBXContainerItemProxy section */

/* Begin PBXFileReference section */
		D479832F2C4482E80077746A /* SwipeActionIndicatorView.swift */ = {isa = PBXFileReference; lastKnownFileType = sourcecode.swift; path = SwipeActionIndicatorView.swift; sourceTree = "<group>"; };
		D47983322C46A2CE0077746A /* SizeConstants.swift */ = {isa = PBXFileReference; lastKnownFileType = sourcecode.swift; path = SizeConstants.swift; sourceTree = "<group>"; };
		D47983342C4702DB0077746A /* CardStackView.swift */ = {isa = PBXFileReference; lastKnownFileType = sourcecode.swift; path = CardStackView.swift; sourceTree = "<group>"; };
		D479833B2C4720D10077746A /* User.swift */ = {isa = PBXFileReference; lastKnownFileType = sourcecode.swift; path = User.swift; sourceTree = "<group>"; };
		D479833D2C47212D0077746A /* Card.swift */ = {isa = PBXFileReference; lastKnownFileType = sourcecode.swift; path = Card.swift; sourceTree = "<group>"; };
		D47983402C4721F00077746A /* CardViewModel.swift */ = {isa = PBXFileReference; lastKnownFileType = sourcecode.swift; path = CardViewModel.swift; sourceTree = "<group>"; };
		D47983432C4726C70077746A /* CardApiService.swift */ = {isa = PBXFileReference; lastKnownFileType = sourcecode.swift; path = CardApiService.swift; sourceTree = "<group>"; };
		D47983462C472E110077746A /* CardMock.swift */ = {isa = PBXFileReference; lastKnownFileType = sourcecode.swift; path = CardMock.swift; sourceTree = "<group>"; };
		D47983482C47EBB10077746A /* ImageScrollingOverlay.swift */ = {isa = PBXFileReference; lastKnownFileType = sourcecode.swift; path = ImageScrollingOverlay.swift; sourceTree = "<group>"; };
		D479834A2C4805970077746A /* UserApiService.swift */ = {isa = PBXFileReference; lastKnownFileType = sourcecode.swift; path = UserApiService.swift; sourceTree = "<group>"; };
		D48A7B602C39D08F00D3EDF7 /* Stylor.app */ = {isa = PBXFileReference; explicitFileType = wrapper.application; includeInIndex = 0; path = Stylor.app; sourceTree = BUILT_PRODUCTS_DIR; };
		D48A7B632C39D08F00D3EDF7 /* StylorApp.swift */ = {isa = PBXFileReference; lastKnownFileType = sourcecode.swift; path = StylorApp.swift; sourceTree = "<group>"; };
		D48A7B652C39D08F00D3EDF7 /* AuthenticationView.swift */ = {isa = PBXFileReference; lastKnownFileType = sourcecode.swift; path = AuthenticationView.swift; sourceTree = "<group>"; };
		D48A7B672C39D09000D3EDF7 /* Assets.xcassets */ = {isa = PBXFileReference; lastKnownFileType = folder.assetcatalog; path = Assets.xcassets; sourceTree = "<group>"; };
		D48A7B6A2C39D09000D3EDF7 /* Preview Assets.xcassets */ = {isa = PBXFileReference; lastKnownFileType = folder.assetcatalog; path = "Preview Assets.xcassets"; sourceTree = "<group>"; };
		D48A7B702C39D09000D3EDF7 /* StylorTests.xctest */ = {isa = PBXFileReference; explicitFileType = wrapper.cfbundle; includeInIndex = 0; path = StylorTests.xctest; sourceTree = BUILT_PRODUCTS_DIR; };
		D48A7B742C39D09000D3EDF7 /* StylorTests.swift */ = {isa = PBXFileReference; lastKnownFileType = sourcecode.swift; path = StylorTests.swift; sourceTree = "<group>"; };
		D48A7B7A2C39D09000D3EDF7 /* StylorUITests.xctest */ = {isa = PBXFileReference; explicitFileType = wrapper.cfbundle; includeInIndex = 0; path = StylorUITests.xctest; sourceTree = BUILT_PRODUCTS_DIR; };
		D48A7B7E2C39D09000D3EDF7 /* StylorUITests.swift */ = {isa = PBXFileReference; lastKnownFileType = sourcecode.swift; path = StylorUITests.swift; sourceTree = "<group>"; };
		D48A7B802C39D09000D3EDF7 /* StylorUITestsLaunchTests.swift */ = {isa = PBXFileReference; lastKnownFileType = sourcecode.swift; path = StylorUITestsLaunchTests.swift; sourceTree = "<group>"; };
		D48A7B992C39D22C00D3EDF7 /* MainTabView.swift */ = {isa = PBXFileReference; lastKnownFileType = sourcecode.swift; path = MainTabView.swift; sourceTree = "<group>"; };
		D48A7B9B2C39DACF00D3EDF7 /* CardView.swift */ = {isa = PBXFileReference; lastKnownFileType = sourcecode.swift; path = CardView.swift; sourceTree = "<group>"; };
		D48A7B9E2C39DE3D00D3EDF7 /* UserInfoView.swift */ = {isa = PBXFileReference; lastKnownFileType = sourcecode.swift; path = UserInfoView.swift; sourceTree = "<group>"; };
		D48A7BA22C3DACBD00D3EDF7 /* GoogleService-Info.plist */ = {isa = PBXFileReference; fileEncoding = 4; lastKnownFileType = text.plist.xml; name = "GoogleService-Info.plist"; path = "../../../Downloads/GoogleService-Info.plist"; sourceTree = "<group>"; };
		D48A7BA42C3DAD0C00D3EDF7 /* GoogleService-Info.plist */ = {isa = PBXFileReference; lastKnownFileType = text.plist.xml; path = "GoogleService-Info.plist"; sourceTree = "<group>"; };
		D48A7BA62C3DAFB400D3EDF7 /* Info.plist */ = {isa = PBXFileReference; lastKnownFileType = text.plist; path = Info.plist; sourceTree = "<group>"; };
		D48A7BB12C3EFBAB00D3EDF7 /* LoginViewController.swift */ = {isa = PBXFileReference; lastKnownFileType = sourcecode.swift; path = LoginViewController.swift; sourceTree = "<group>"; };
		D48A7BB32C40846F00D3EDF7 /* RegisterViewModel.swift */ = {isa = PBXFileReference; lastKnownFileType = sourcecode.swift; path = RegisterViewModel.swift; sourceTree = "<group>"; };
		D49EA5342C4979D300097B49 /* ConvertionUtils.swift */ = {isa = PBXFileReference; lastKnownFileType = sourcecode.swift; path = ConvertionUtils.swift; sourceTree = "<group>"; };
		D49EA5372C49D64200097B49 /* NameAgeRegistration.swift */ = {isa = PBXFileReference; lastKnownFileType = sourcecode.swift; path = NameAgeRegistration.swift; sourceTree = "<group>"; };
		D49EA5392C49D66500097B49 /* MailPasswordRegistration.swift */ = {isa = PBXFileReference; lastKnownFileType = sourcecode.swift; path = MailPasswordRegistration.swift; sourceTree = "<group>"; };
		D49EA53B2C49D67700097B49 /* PicturesRegistration.swift */ = {isa = PBXFileReference; lastKnownFileType = sourcecode.swift; path = PicturesRegistration.swift; sourceTree = "<group>"; };
		D49EA53F2C4AAA5D00097B49 /* LandingView.swift */ = {isa = PBXFileReference; lastKnownFileType = sourcecode.swift; path = LandingView.swift; sourceTree = "<group>"; };
		D49EA5412C4BC58800097B49 /* ImageApiService.swift */ = {isa = PBXFileReference; lastKnownFileType = sourcecode.swift; path = ImageApiService.swift; sourceTree = "<group>"; };
		D49EA54B2C4D7E3600097B49 /* UserDataService.swift */ = {isa = PBXFileReference; lastKnownFileType = sourcecode.swift; path = UserDataService.swift; sourceTree = "<group>"; };
		D49EA54E2C4D97AF00097B49 /* SpinnerView.swift */ = {isa = PBXFileReference; lastKnownFileType = sourcecode.swift; path = SpinnerView.swift; sourceTree = "<group>"; };
		D49EA5512C5034A100097B49 /* ImagePicker.swift */ = {isa = PBXFileReference; lastKnownFileType = sourcecode.swift; path = ImagePicker.swift; sourceTree = "<group>"; };
		D49EA5532C50460B00097B49 /* SceneDelegate.swift */ = {isa = PBXFileReference; lastKnownFileType = sourcecode.swift; path = SceneDelegate.swift; sourceTree = "<group>"; };
		D49EA5582C52C63300097B49 /* PortfolioView.swift */ = {isa = PBXFileReference; lastKnownFileType = sourcecode.swift; path = PortfolioView.swift; sourceTree = "<group>"; };
		D49EA55A2C53CD1E00097B49 /* Occupation.swift */ = {isa = PBXFileReference; lastKnownFileType = sourcecode.swift; path = Occupation.swift; sourceTree = "<group>"; };
		D49EA55E2C540FEA00097B49 /* OccupationChoiceView.swift */ = {isa = PBXFileReference; lastKnownFileType = sourcecode.swift; path = OccupationChoiceView.swift; sourceTree = "<group>"; };
/* End PBXFileReference section */

/* Begin PBXFrameworksBuildPhase section */
		D48A7B5D2C39D08F00D3EDF7 /* Frameworks */ = {
			isa = PBXFrameworksBuildPhase;
			buildActionMask = 2147483647;
			files = (
				D49EA52B2C496AF100097B49 /* FirebaseFirestoreCombine-Community in Frameworks */,
				D49EA5252C496AF100097B49 /* FirebaseDatabaseSwift in Frameworks */,
				D49EA5272C496AF100097B49 /* FirebaseDynamicLinks in Frameworks */,
				D49EA52D2C496AF100097B49 /* FirebaseFirestoreSwift in Frameworks */,
				D49EA51F2C496AF100097B49 /* FirebaseAppDistribution-Beta in Frameworks */,
				D49EA5332C496AF100097B49 /* FirebaseInAppMessaging-Beta in Frameworks */,
				D49EA5482C4BC67700097B49 /* FirebaseStorageCombine-Community in Frameworks */,
				D49EA5192C496AF100097B49 /* FirebaseAnalyticsSwift in Frameworks */,
				D49EA51B2C496AF100097B49 /* FirebaseAnalyticsWithoutAdIdSupport in Frameworks */,
				D49EA5312C496AF100097B49 /* FirebaseFunctionsCombine-Community in Frameworks */,
				D49EA5292C496AF100097B49 /* FirebaseFirestore in Frameworks */,
				D48A7BAD2C3DAFD600D3EDF7 /* FirebaseDatabase in Frameworks */,
				D49EA5462C4BC67700097B49 /* FirebaseStorage in Frameworks */,
				D48A7BA92C3DAFD600D3EDF7 /* FirebaseAnalytics in Frameworks */,
				D49EA51D2C496AF100097B49 /* FirebaseAppCheck in Frameworks */,
				D49EA5232C496AF100097B49 /* FirebaseCrashlytics in Frameworks */,
				D49EA52F2C496AF100097B49 /* FirebaseFunctions in Frameworks */,
				D48A7BAB2C3DAFD600D3EDF7 /* FirebaseAuth in Frameworks */,
				D49EA5212C496AF100097B49 /* FirebaseAuthCombine-Community in Frameworks */,
			);
			runOnlyForDeploymentPostprocessing = 0;
		};
		D48A7B6D2C39D09000D3EDF7 /* Frameworks */ = {
			isa = PBXFrameworksBuildPhase;
			buildActionMask = 2147483647;
			files = (
				D49EA5152C496AF100097B49 /* FirebaseAnalytics in Frameworks */,
				D49EA5442C4BC67700097B49 /* FirebaseAuth in Frameworks */,
				D49EA5172C496AF100097B49 /* FirebaseAnalyticsOnDeviceConversion in Frameworks */,
			);
			runOnlyForDeploymentPostprocessing = 0;
		};
		D48A7B772C39D09000D3EDF7 /* Frameworks */ = {
			isa = PBXFrameworksBuildPhase;
			buildActionMask = 2147483647;
			files = (
			);
			runOnlyForDeploymentPostprocessing = 0;
		};
/* End PBXFrameworksBuildPhase section */

/* Begin PBXGroup section */
		D47983312C46A28B0077746A /* Constants */ = {
			isa = PBXGroup;
			children = (
				D47983322C46A2CE0077746A /* SizeConstants.swift */,
				D49EA5342C4979D300097B49 /* ConvertionUtils.swift */,
			);
			path = Constants;
			sourceTree = "<group>";
		};
		D479833A2C4720C30077746A /* Models */ = {
			isa = PBXGroup;
			children = (
				D479833B2C4720D10077746A /* User.swift */,
				D479833D2C47212D0077746A /* Card.swift */,
				D49EA55A2C53CD1E00097B49 /* Occupation.swift */,
			);
			path = Models;
			sourceTree = "<group>";
		};
		D479833F2C4721DC0077746A /* ViewModel */ = {
			isa = PBXGroup;
			children = (
				D47983402C4721F00077746A /* CardViewModel.swift */,
			);
			path = ViewModel;
			sourceTree = "<group>";
		};
		D47983422C4722610077746A /* Services */ = {
			isa = PBXGroup;
			children = (
				D49EA5502C50348F00097B49 /* ImagePickers */,
				D49EA54A2C4D7CE800097B49 /* Data */,
				D49EA5492C4D7CDA00097B49 /* API */,
			);
			path = Services;
			sourceTree = "<group>";
		};
		D47983452C472E040077746A /* Mocks */ = {
			isa = PBXGroup;
			children = (
				D47983462C472E110077746A /* CardMock.swift */,
			);
			path = Mocks;
			sourceTree = "<group>";
		};
		D48A7B572C39D08F00D3EDF7 = {
			isa = PBXGroup;
			children = (
				D48A7BA22C3DACBD00D3EDF7 /* GoogleService-Info.plist */,
				D48A7B622C39D08F00D3EDF7 /* Stylor */,
				D48A7B732C39D09000D3EDF7 /* StylorTests */,
				D48A7B7D2C39D09000D3EDF7 /* StylorUITests */,
				D48A7B612C39D08F00D3EDF7 /* Products */,
				D48A7BA72C3DAFD600D3EDF7 /* Frameworks */,
			);
			sourceTree = "<group>";
		};
		D48A7B612C39D08F00D3EDF7 /* Products */ = {
			isa = PBXGroup;
			children = (
				D48A7B602C39D08F00D3EDF7 /* Stylor.app */,
				D48A7B702C39D09000D3EDF7 /* StylorTests.xctest */,
				D48A7B7A2C39D09000D3EDF7 /* StylorUITests.xctest */,
			);
			name = Products;
			sourceTree = "<group>";
		};
		D48A7B622C39D08F00D3EDF7 /* Stylor */ = {
			isa = PBXGroup;
			children = (
				D47983452C472E040077746A /* Mocks */,
				D47983422C4722610077746A /* Services */,
				D48A7BB02C3EFB9500D3EDF7 /* Auth */,
				D48A7BA62C3DAFB400D3EDF7 /* Info.plist */,
				D48A7B912C39D12F00D3EDF7 /* Utils */,
				D48A7B902C39D12700D3EDF7 /* Shared */,
				D48A7B8F2C39D11F00D3EDF7 /* Extensions */,
				D48A7B8E2C39D11400D3EDF7 /* Core */,
				D48A7B8D2C39D0FE00D3EDF7 /* App */,
				D48A7B672C39D09000D3EDF7 /* Assets.xcassets */,
				D48A7B692C39D09000D3EDF7 /* Preview Content */,
			);
			path = Stylor;
			sourceTree = "<group>";
		};
		D48A7B692C39D09000D3EDF7 /* Preview Content */ = {
			isa = PBXGroup;
			children = (
				D48A7B6A2C39D09000D3EDF7 /* Preview Assets.xcassets */,
			);
			path = "Preview Content";
			sourceTree = "<group>";
		};
		D48A7B732C39D09000D3EDF7 /* StylorTests */ = {
			isa = PBXGroup;
			children = (
				D48A7B742C39D09000D3EDF7 /* StylorTests.swift */,
			);
			path = StylorTests;
			sourceTree = "<group>";
		};
		D48A7B7D2C39D09000D3EDF7 /* StylorUITests */ = {
			isa = PBXGroup;
			children = (
				D48A7B7E2C39D09000D3EDF7 /* StylorUITests.swift */,
				D48A7B802C39D09000D3EDF7 /* StylorUITestsLaunchTests.swift */,
			);
			path = StylorUITests;
			sourceTree = "<group>";
		};
		D48A7B8D2C39D0FE00D3EDF7 /* App */ = {
			isa = PBXGroup;
			children = (
				D48A7B632C39D08F00D3EDF7 /* StylorApp.swift */,
			);
			path = App;
			sourceTree = "<group>";
		};
		D48A7B8E2C39D11400D3EDF7 /* Core */ = {
			isa = PBXGroup;
			children = (
				D49EA5572C52C60900097B49 /* Porfolio */,
				D48A7B962C39D1B600D3EDF7 /* Messaging */,
				D48A7B952C39D19500D3EDF7 /* Cards */,
				D48A7B942C39D18800D3EDF7 /* Profile */,
				D48A7B932C39D18200D3EDF7 /* Search */,
				D48A7B922C39D16E00D3EDF7 /* TabBar */,
			);
			path = Core;
			sourceTree = "<group>";
		};
		D48A7B8F2C39D11F00D3EDF7 /* Extensions */ = {
			isa = PBXGroup;
			children = (
			);
			path = Extensions;
			sourceTree = "<group>";
		};
		D48A7B902C39D12700D3EDF7 /* Shared */ = {
			isa = PBXGroup;
			children = (
				D49EA54D2C4D978D00097B49 /* Animations */,
				D479833A2C4720C30077746A /* Models */,
				D48A7BA42C3DAD0C00D3EDF7 /* GoogleService-Info.plist */,
			);
			path = Shared;
			sourceTree = "<group>";
		};
		D48A7B912C39D12F00D3EDF7 /* Utils */ = {
			isa = PBXGroup;
			children = (
				D47983312C46A28B0077746A /* Constants */,
			);
			path = Utils;
			sourceTree = "<group>";
		};
		D48A7B922C39D16E00D3EDF7 /* TabBar */ = {
			isa = PBXGroup;
			children = (
				D48A7B992C39D22C00D3EDF7 /* MainTabView.swift */,
			);
			path = TabBar;
			sourceTree = "<group>";
		};
		D48A7B932C39D18200D3EDF7 /* Search */ = {
			isa = PBXGroup;
			children = (
			);
			path = Search;
			sourceTree = "<group>";
		};
		D48A7B942C39D18800D3EDF7 /* Profile */ = {
			isa = PBXGroup;
			children = (
			);
			path = Profile;
			sourceTree = "<group>";
		};
		D48A7B952C39D19500D3EDF7 /* Cards */ = {
			isa = PBXGroup;
			children = (
				D479833F2C4721DC0077746A /* ViewModel */,
				D48A7B9D2C39DE1D00D3EDF7 /* Views */,
			);
			path = Cards;
			sourceTree = "<group>";
		};
		D48A7B962C39D1B600D3EDF7 /* Messaging */ = {
			isa = PBXGroup;
			children = (
			);
			path = Messaging;
			sourceTree = "<group>";
		};
		D48A7B9D2C39DE1D00D3EDF7 /* Views */ = {
			isa = PBXGroup;
			children = (
				D48A7B9B2C39DACF00D3EDF7 /* CardView.swift */,
				D48A7B9E2C39DE3D00D3EDF7 /* UserInfoView.swift */,
				D479832F2C4482E80077746A /* SwipeActionIndicatorView.swift */,
				D47983342C4702DB0077746A /* CardStackView.swift */,
				D47983482C47EBB10077746A /* ImageScrollingOverlay.swift */,
			);
			path = Views;
			sourceTree = "<group>";
		};
		D48A7BA72C3DAFD600D3EDF7 /* Frameworks */ = {
			isa = PBXGroup;
			children = (
			);
			name = Frameworks;
			sourceTree = "<group>";
		};
		D48A7BB02C3EFB9500D3EDF7 /* Auth */ = {
			isa = PBXGroup;
			children = (
				D49EA5362C49D5B900097B49 /* RegistrationProcess */,
				D48A7B652C39D08F00D3EDF7 /* AuthenticationView.swift */,
				D48A7BB12C3EFBAB00D3EDF7 /* LoginViewController.swift */,
				D49EA53F2C4AAA5D00097B49 /* LandingView.swift */,
				D49EA5532C50460B00097B49 /* SceneDelegate.swift */,
			);
			path = Auth;
			sourceTree = "<group>";
		};
		D49EA5362C49D5B900097B49 /* RegistrationProcess */ = {
			isa = PBXGroup;
			children = (
				D48A7BB32C40846F00D3EDF7 /* RegisterViewModel.swift */,
				D49EA5372C49D64200097B49 /* NameAgeRegistration.swift */,
				D49EA5392C49D66500097B49 /* MailPasswordRegistration.swift */,
				D49EA53B2C49D67700097B49 /* PicturesRegistration.swift */,
				D49EA55E2C540FEA00097B49 /* OccupationChoiceView.swift */,
			);
			path = RegistrationProcess;
			sourceTree = "<group>";
		};
		D49EA5492C4D7CDA00097B49 /* API */ = {
			isa = PBXGroup;
			children = (
				D47983432C4726C70077746A /* CardApiService.swift */,
				D479834A2C4805970077746A /* UserApiService.swift */,
				D49EA5412C4BC58800097B49 /* ImageApiService.swift */,
			);
			path = API;
			sourceTree = "<group>";
		};
		D49EA54A2C4D7CE800097B49 /* Data */ = {
			isa = PBXGroup;
			children = (
				D49EA54B2C4D7E3600097B49 /* UserDataService.swift */,
			);
			path = Data;
			sourceTree = "<group>";
		};
		D49EA54D2C4D978D00097B49 /* Animations */ = {
			isa = PBXGroup;
			children = (
				D49EA54E2C4D97AF00097B49 /* SpinnerView.swift */,
			);
			path = Animations;
			sourceTree = "<group>";
		};
		D49EA5502C50348F00097B49 /* ImagePickers */ = {
			isa = PBXGroup;
			children = (
				D49EA5512C5034A100097B49 /* ImagePicker.swift */,
			);
			path = ImagePickers;
			sourceTree = "<group>";
		};
		D49EA5572C52C60900097B49 /* Porfolio */ = {
			isa = PBXGroup;
			children = (
				D49EA5582C52C63300097B49 /* PortfolioView.swift */,
			);
			path = Porfolio;
			sourceTree = "<group>";
		};
/* End PBXGroup section */

/* Begin PBXNativeTarget section */
		D48A7B5F2C39D08F00D3EDF7 /* Stylor */ = {
			isa = PBXNativeTarget;
			buildConfigurationList = D48A7B842C39D09000D3EDF7 /* Build configuration list for PBXNativeTarget "Stylor" */;
			buildPhases = (
				D48A7B5C2C39D08F00D3EDF7 /* Sources */,
				D48A7B5D2C39D08F00D3EDF7 /* Frameworks */,
				D48A7B5E2C39D08F00D3EDF7 /* Resources */,
			);
			buildRules = (
			);
			dependencies = (
			);
			name = Stylor;
			packageProductDependencies = (
				D48A7BA82C3DAFD600D3EDF7 /* FirebaseAnalytics */,
				D48A7BAA2C3DAFD600D3EDF7 /* FirebaseAuth */,
				D48A7BAC2C3DAFD600D3EDF7 /* FirebaseDatabase */,
				D49EA5182C496AF100097B49 /* FirebaseAnalyticsSwift */,
				D49EA51A2C496AF100097B49 /* FirebaseAnalyticsWithoutAdIdSupport */,
				D49EA51C2C496AF100097B49 /* FirebaseAppCheck */,
				D49EA51E2C496AF100097B49 /* FirebaseAppDistribution-Beta */,
				D49EA5202C496AF100097B49 /* FirebaseAuthCombine-Community */,
				D49EA5222C496AF100097B49 /* FirebaseCrashlytics */,
				D49EA5242C496AF100097B49 /* FirebaseDatabaseSwift */,
				D49EA5262C496AF100097B49 /* FirebaseDynamicLinks */,
				D49EA5282C496AF100097B49 /* FirebaseFirestore */,
				D49EA52A2C496AF100097B49 /* FirebaseFirestoreCombine-Community */,
				D49EA52C2C496AF100097B49 /* FirebaseFirestoreSwift */,
				D49EA52E2C496AF100097B49 /* FirebaseFunctions */,
				D49EA5302C496AF100097B49 /* FirebaseFunctionsCombine-Community */,
				D49EA5322C496AF100097B49 /* FirebaseInAppMessaging-Beta */,
				D49EA5452C4BC67700097B49 /* FirebaseStorage */,
				D49EA5472C4BC67700097B49 /* FirebaseStorageCombine-Community */,
			);
			productName = Stylor;
			productReference = D48A7B602C39D08F00D3EDF7 /* Stylor.app */;
			productType = "com.apple.product-type.application";
		};
		D48A7B6F2C39D09000D3EDF7 /* StylorTests */ = {
			isa = PBXNativeTarget;
			buildConfigurationList = D48A7B872C39D09000D3EDF7 /* Build configuration list for PBXNativeTarget "StylorTests" */;
			buildPhases = (
				D48A7B6C2C39D09000D3EDF7 /* Sources */,
				D48A7B6D2C39D09000D3EDF7 /* Frameworks */,
				D48A7B6E2C39D09000D3EDF7 /* Resources */,
			);
			buildRules = (
			);
			dependencies = (
				D48A7B722C39D09000D3EDF7 /* PBXTargetDependency */,
			);
			name = StylorTests;
			packageProductDependencies = (
				D49EA5142C496AF100097B49 /* FirebaseAnalytics */,
				D49EA5162C496AF100097B49 /* FirebaseAnalyticsOnDeviceConversion */,
				D49EA5432C4BC67700097B49 /* FirebaseAuth */,
			);
			productName = StylorTests;
			productReference = D48A7B702C39D09000D3EDF7 /* StylorTests.xctest */;
			productType = "com.apple.product-type.bundle.unit-test";
		};
		D48A7B792C39D09000D3EDF7 /* StylorUITests */ = {
			isa = PBXNativeTarget;
			buildConfigurationList = D48A7B8A2C39D09000D3EDF7 /* Build configuration list for PBXNativeTarget "StylorUITests" */;
			buildPhases = (
				D48A7B762C39D09000D3EDF7 /* Sources */,
				D48A7B772C39D09000D3EDF7 /* Frameworks */,
				D48A7B782C39D09000D3EDF7 /* Resources */,
			);
			buildRules = (
			);
			dependencies = (
				D48A7B7C2C39D09000D3EDF7 /* PBXTargetDependency */,
			);
			name = StylorUITests;
			productName = StylorUITests;
			productReference = D48A7B7A2C39D09000D3EDF7 /* StylorUITests.xctest */;
			productType = "com.apple.product-type.bundle.ui-testing";
		};
/* End PBXNativeTarget section */

/* Begin PBXProject section */
		D48A7B582C39D08F00D3EDF7 /* Project object */ = {
			isa = PBXProject;
			attributes = {
				BuildIndependentTargetsInParallel = 1;
				LastSwiftUpdateCheck = 1540;
				LastUpgradeCheck = 1540;
				TargetAttributes = {
					D48A7B5F2C39D08F00D3EDF7 = {
						CreatedOnToolsVersion = 15.4;
					};
					D48A7B6F2C39D09000D3EDF7 = {
						CreatedOnToolsVersion = 15.4;
						TestTargetID = D48A7B5F2C39D08F00D3EDF7;
					};
					D48A7B792C39D09000D3EDF7 = {
						CreatedOnToolsVersion = 15.4;
						TestTargetID = D48A7B5F2C39D08F00D3EDF7;
					};
				};
			};
			buildConfigurationList = D48A7B5B2C39D08F00D3EDF7 /* Build configuration list for PBXProject "Stylor" */;
			compatibilityVersion = "Xcode 14.0";
			developmentRegion = en;
			hasScannedForEncodings = 0;
			knownRegions = (
				en,
				Base,
			);
			mainGroup = D48A7B572C39D08F00D3EDF7;
			packageReferences = (
				D48A7BA52C3DADF800D3EDF7 /* XCRemoteSwiftPackageReference "firebase-ios-sdk" */,
			);
			productRefGroup = D48A7B612C39D08F00D3EDF7 /* Products */;
			projectDirPath = "";
			projectRoot = "";
			targets = (
				D48A7B5F2C39D08F00D3EDF7 /* Stylor */,
				D48A7B6F2C39D09000D3EDF7 /* StylorTests */,
				D48A7B792C39D09000D3EDF7 /* StylorUITests */,
			);
		};
/* End PBXProject section */

/* Begin PBXResourcesBuildPhase section */
		D48A7B5E2C39D08F00D3EDF7 /* Resources */ = {
			isa = PBXResourcesBuildPhase;
			buildActionMask = 2147483647;
			files = (
				D48A7B6B2C39D09000D3EDF7 /* Preview Assets.xcassets in Resources */,
				D48A7B682C39D09000D3EDF7 /* Assets.xcassets in Resources */,
				D48A7BA32C3DACBD00D3EDF7 /* GoogleService-Info.plist in Resources */,
			);
			runOnlyForDeploymentPostprocessing = 0;
		};
		D48A7B6E2C39D09000D3EDF7 /* Resources */ = {
			isa = PBXResourcesBuildPhase;
			buildActionMask = 2147483647;
			files = (
			);
			runOnlyForDeploymentPostprocessing = 0;
		};
		D48A7B782C39D09000D3EDF7 /* Resources */ = {
			isa = PBXResourcesBuildPhase;
			buildActionMask = 2147483647;
			files = (
			);
			runOnlyForDeploymentPostprocessing = 0;
		};
/* End PBXResourcesBuildPhase section */

/* Begin PBXSourcesBuildPhase section */
		D48A7B5C2C39D08F00D3EDF7 /* Sources */ = {
			isa = PBXSourcesBuildPhase;
			buildActionMask = 2147483647;
			files = (
				D48A7BB22C3EFBAB00D3EDF7 /* LoginViewController.swift in Sources */,
				D49EA54F2C4D97AF00097B49 /* SpinnerView.swift in Sources */,
				D47983442C4726C70077746A /* CardApiService.swift in Sources */,
				D48A7B662C39D08F00D3EDF7 /* AuthenticationView.swift in Sources */,
				D48A7B642C39D08F00D3EDF7 /* StylorApp.swift in Sources */,
				D48A7BB42C40846F00D3EDF7 /* RegisterViewModel.swift in Sources */,
				D49EA53C2C49D67700097B49 /* PicturesRegistration.swift in Sources */,
				D48A7B9C2C39DACF00D3EDF7 /* CardView.swift in Sources */,
				D479834B2C4805970077746A /* UserApiService.swift in Sources */,
				D49EA55B2C53CD1E00097B49 /* Occupation.swift in Sources */,
				D49EA5422C4BC58800097B49 /* ImageApiService.swift in Sources */,
				D47983472C472E110077746A /* CardMock.swift in Sources */,
				D49EA5542C50460B00097B49 /* SceneDelegate.swift in Sources */,
				D47983352C4702DB0077746A /* CardStackView.swift in Sources */,
				D49EA55F2C540FEA00097B49 /* OccupationChoiceView.swift in Sources */,
				D47983492C47EBB10077746A /* ImageScrollingOverlay.swift in Sources */,
				D49EA5522C5034A100097B49 /* ImagePicker.swift in Sources */,
				D48A7B9A2C39D22C00D3EDF7 /* MainTabView.swift in Sources */,
				D479833E2C47212D0077746A /* Card.swift in Sources */,
				D47983412C4721F00077746A /* CardViewModel.swift in Sources */,
				D49EA5382C49D64200097B49 /* NameAgeRegistration.swift in Sources */,
				D49EA53A2C49D66500097B49 /* MailPasswordRegistration.swift in Sources */,
				D48A7B9F2C39DE3D00D3EDF7 /* UserInfoView.swift in Sources */,
				D49EA54C2C4D7E3600097B49 /* UserDataService.swift in Sources */,
				D49EA5352C4979D300097B49 /* ConvertionUtils.swift in Sources */,
				D49EA5592C52C63300097B49 /* PortfolioView.swift in Sources */,
				D47983302C4482E80077746A /* SwipeActionIndicatorView.swift in Sources */,
				D47983332C46A2CE0077746A /* SizeConstants.swift in Sources */,
				D49EA5402C4AAA5D00097B49 /* LandingView.swift in Sources */,
				D479833C2C4720D10077746A /* User.swift in Sources */,
			);
			runOnlyForDeploymentPostprocessing = 0;
		};
		D48A7B6C2C39D09000D3EDF7 /* Sources */ = {
			isa = PBXSourcesBuildPhase;
			buildActionMask = 2147483647;
			files = (
				D48A7B752C39D09000D3EDF7 /* StylorTests.swift in Sources */,
			);
			runOnlyForDeploymentPostprocessing = 0;
		};
		D48A7B762C39D09000D3EDF7 /* Sources */ = {
			isa = PBXSourcesBuildPhase;
			buildActionMask = 2147483647;
			files = (
				D48A7B7F2C39D09000D3EDF7 /* StylorUITests.swift in Sources */,
				D48A7B812C39D09000D3EDF7 /* StylorUITestsLaunchTests.swift in Sources */,
			);
			runOnlyForDeploymentPostprocessing = 0;
		};
/* End PBXSourcesBuildPhase section */

/* Begin PBXTargetDependency section */
		D48A7B722C39D09000D3EDF7 /* PBXTargetDependency */ = {
			isa = PBXTargetDependency;
			target = D48A7B5F2C39D08F00D3EDF7 /* Stylor */;
			targetProxy = D48A7B712C39D09000D3EDF7 /* PBXContainerItemProxy */;
		};
		D48A7B7C2C39D09000D3EDF7 /* PBXTargetDependency */ = {
			isa = PBXTargetDependency;
			target = D48A7B5F2C39D08F00D3EDF7 /* Stylor */;
			targetProxy = D48A7B7B2C39D09000D3EDF7 /* PBXContainerItemProxy */;
		};
/* End PBXTargetDependency section */

/* Begin XCBuildConfiguration section */
		D48A7B822C39D09000D3EDF7 /* Debug */ = {
			isa = XCBuildConfiguration;
			buildSettings = {
				ALWAYS_SEARCH_USER_PATHS = NO;
				ASSETCATALOG_COMPILER_GENERATE_SWIFT_ASSET_SYMBOL_EXTENSIONS = YES;
				CLANG_ANALYZER_NONNULL = YES;
				CLANG_ANALYZER_NUMBER_OBJECT_CONVERSION = YES_AGGRESSIVE;
				CLANG_CXX_LANGUAGE_STANDARD = "gnu++20";
				CLANG_ENABLE_MODULES = YES;
				CLANG_ENABLE_OBJC_ARC = YES;
				CLANG_ENABLE_OBJC_WEAK = YES;
				CLANG_WARN_BLOCK_CAPTURE_AUTORELEASING = YES;
				CLANG_WARN_BOOL_CONVERSION = YES;
				CLANG_WARN_COMMA = YES;
				CLANG_WARN_CONSTANT_CONVERSION = YES;
				CLANG_WARN_DEPRECATED_OBJC_IMPLEMENTATIONS = YES;
				CLANG_WARN_DIRECT_OBJC_ISA_USAGE = YES_ERROR;
				CLANG_WARN_DOCUMENTATION_COMMENTS = YES;
				CLANG_WARN_EMPTY_BODY = YES;
				CLANG_WARN_ENUM_CONVERSION = YES;
				CLANG_WARN_INFINITE_RECURSION = YES;
				CLANG_WARN_INT_CONVERSION = YES;
				CLANG_WARN_NON_LITERAL_NULL_CONVERSION = YES;
				CLANG_WARN_OBJC_IMPLICIT_RETAIN_SELF = YES;
				CLANG_WARN_OBJC_LITERAL_CONVERSION = YES;
				CLANG_WARN_OBJC_ROOT_CLASS = YES_ERROR;
				CLANG_WARN_QUOTED_INCLUDE_IN_FRAMEWORK_HEADER = YES;
				CLANG_WARN_RANGE_LOOP_ANALYSIS = YES;
				CLANG_WARN_STRICT_PROTOTYPES = YES;
				CLANG_WARN_SUSPICIOUS_MOVE = YES;
				CLANG_WARN_UNGUARDED_AVAILABILITY = YES_AGGRESSIVE;
				CLANG_WARN_UNREACHABLE_CODE = YES;
				CLANG_WARN__DUPLICATE_METHOD_MATCH = YES;
				COPY_PHASE_STRIP = NO;
				DEBUG_INFORMATION_FORMAT = dwarf;
				ENABLE_STRICT_OBJC_MSGSEND = YES;
				ENABLE_TESTABILITY = YES;
				ENABLE_USER_SCRIPT_SANDBOXING = YES;
				GCC_C_LANGUAGE_STANDARD = gnu17;
				GCC_DYNAMIC_NO_PIC = NO;
				GCC_NO_COMMON_BLOCKS = YES;
				GCC_OPTIMIZATION_LEVEL = 0;
				GCC_PREPROCESSOR_DEFINITIONS = (
					"DEBUG=1",
					"$(inherited)",
				);
				GCC_WARN_64_TO_32_BIT_CONVERSION = YES;
				GCC_WARN_ABOUT_RETURN_TYPE = YES_ERROR;
				GCC_WARN_UNDECLARED_SELECTOR = YES;
				GCC_WARN_UNINITIALIZED_AUTOS = YES_AGGRESSIVE;
				GCC_WARN_UNUSED_FUNCTION = YES;
				GCC_WARN_UNUSED_VARIABLE = YES;
				IPHONEOS_DEPLOYMENT_TARGET = 17.5;
				LOCALIZATION_PREFERS_STRING_CATALOGS = YES;
				MTL_ENABLE_DEBUG_INFO = INCLUDE_SOURCE;
				MTL_FAST_MATH = YES;
				ONLY_ACTIVE_ARCH = YES;
				SDKROOT = iphoneos;
				SWIFT_ACTIVE_COMPILATION_CONDITIONS = "DEBUG $(inherited)";
				SWIFT_OPTIMIZATION_LEVEL = "-Onone";
			};
			name = Debug;
		};
		D48A7B832C39D09000D3EDF7 /* Release */ = {
			isa = XCBuildConfiguration;
			buildSettings = {
				ALWAYS_SEARCH_USER_PATHS = NO;
				ASSETCATALOG_COMPILER_GENERATE_SWIFT_ASSET_SYMBOL_EXTENSIONS = YES;
				CLANG_ANALYZER_NONNULL = YES;
				CLANG_ANALYZER_NUMBER_OBJECT_CONVERSION = YES_AGGRESSIVE;
				CLANG_CXX_LANGUAGE_STANDARD = "gnu++20";
				CLANG_ENABLE_MODULES = YES;
				CLANG_ENABLE_OBJC_ARC = YES;
				CLANG_ENABLE_OBJC_WEAK = YES;
				CLANG_WARN_BLOCK_CAPTURE_AUTORELEASING = YES;
				CLANG_WARN_BOOL_CONVERSION = YES;
				CLANG_WARN_COMMA = YES;
				CLANG_WARN_CONSTANT_CONVERSION = YES;
				CLANG_WARN_DEPRECATED_OBJC_IMPLEMENTATIONS = YES;
				CLANG_WARN_DIRECT_OBJC_ISA_USAGE = YES_ERROR;
				CLANG_WARN_DOCUMENTATION_COMMENTS = YES;
				CLANG_WARN_EMPTY_BODY = YES;
				CLANG_WARN_ENUM_CONVERSION = YES;
				CLANG_WARN_INFINITE_RECURSION = YES;
				CLANG_WARN_INT_CONVERSION = YES;
				CLANG_WARN_NON_LITERAL_NULL_CONVERSION = YES;
				CLANG_WARN_OBJC_IMPLICIT_RETAIN_SELF = YES;
				CLANG_WARN_OBJC_LITERAL_CONVERSION = YES;
				CLANG_WARN_OBJC_ROOT_CLASS = YES_ERROR;
				CLANG_WARN_QUOTED_INCLUDE_IN_FRAMEWORK_HEADER = YES;
				CLANG_WARN_RANGE_LOOP_ANALYSIS = YES;
				CLANG_WARN_STRICT_PROTOTYPES = YES;
				CLANG_WARN_SUSPICIOUS_MOVE = YES;
				CLANG_WARN_UNGUARDED_AVAILABILITY = YES_AGGRESSIVE;
				CLANG_WARN_UNREACHABLE_CODE = YES;
				CLANG_WARN__DUPLICATE_METHOD_MATCH = YES;
				COPY_PHASE_STRIP = NO;
				DEBUG_INFORMATION_FORMAT = "dwarf-with-dsym";
				ENABLE_NS_ASSERTIONS = NO;
				ENABLE_STRICT_OBJC_MSGSEND = YES;
				ENABLE_USER_SCRIPT_SANDBOXING = YES;
				GCC_C_LANGUAGE_STANDARD = gnu17;
				GCC_NO_COMMON_BLOCKS = YES;
				GCC_WARN_64_TO_32_BIT_CONVERSION = YES;
				GCC_WARN_ABOUT_RETURN_TYPE = YES_ERROR;
				GCC_WARN_UNDECLARED_SELECTOR = YES;
				GCC_WARN_UNINITIALIZED_AUTOS = YES_AGGRESSIVE;
				GCC_WARN_UNUSED_FUNCTION = YES;
				GCC_WARN_UNUSED_VARIABLE = YES;
				IPHONEOS_DEPLOYMENT_TARGET = 17.5;
				LOCALIZATION_PREFERS_STRING_CATALOGS = YES;
				MTL_ENABLE_DEBUG_INFO = NO;
				MTL_FAST_MATH = YES;
				SDKROOT = iphoneos;
				SWIFT_COMPILATION_MODE = wholemodule;
				VALIDATE_PRODUCT = YES;
			};
			name = Release;
		};
		D48A7B852C39D09000D3EDF7 /* Debug */ = {
			isa = XCBuildConfiguration;
			buildSettings = {
				ASSETCATALOG_COMPILER_APPICON_NAME = AppIcon;
				ASSETCATALOG_COMPILER_GLOBAL_ACCENT_COLOR_NAME = AccentColor;
				CODE_SIGN_STYLE = Automatic;
				CURRENT_PROJECT_VERSION = 1;
				DEVELOPMENT_ASSET_PATHS = "\"Stylor/Preview Content\"";
				DEVELOPMENT_TEAM = NN424AMHS3;
				ENABLE_PREVIEWS = YES;
				GENERATE_INFOPLIST_FILE = YES;
				INFOPLIST_FILE = Stylor/Info.plist;
				INFOPLIST_KEY_UIApplicationSceneManifest_Generation = YES;
				INFOPLIST_KEY_UIApplicationSupportsIndirectInputEvents = YES;
				INFOPLIST_KEY_UILaunchScreen_Generation = YES;
				INFOPLIST_KEY_UISupportedInterfaceOrientations_iPad = "UIInterfaceOrientationPortrait UIInterfaceOrientationPortraitUpsideDown UIInterfaceOrientationLandscapeLeft UIInterfaceOrientationLandscapeRight";
				INFOPLIST_KEY_UISupportedInterfaceOrientations_iPhone = "UIInterfaceOrientationPortrait UIInterfaceOrientationLandscapeLeft UIInterfaceOrientationLandscapeRight";
				LD_RUNPATH_SEARCH_PATHS = (
					"$(inherited)",
					"@executable_path/Frameworks",
				);
				MARKETING_VERSION = 1.0;
				PRODUCT_BUNDLE_IDENTIFIER = CleanYourRoom.Stylor;
				PRODUCT_NAME = "$(TARGET_NAME)";
				SWIFT_EMIT_LOC_STRINGS = YES;
				SWIFT_VERSION = 5.0;
				TARGETED_DEVICE_FAMILY = "1,2";
			};
			name = Debug;
		};
		D48A7B862C39D09000D3EDF7 /* Release */ = {
			isa = XCBuildConfiguration;
			buildSettings = {
				ASSETCATALOG_COMPILER_APPICON_NAME = AppIcon;
				ASSETCATALOG_COMPILER_GLOBAL_ACCENT_COLOR_NAME = AccentColor;
				CODE_SIGN_STYLE = Automatic;
				CURRENT_PROJECT_VERSION = 1;
				DEVELOPMENT_ASSET_PATHS = "\"Stylor/Preview Content\"";
				DEVELOPMENT_TEAM = NN424AMHS3;
				ENABLE_PREVIEWS = YES;
				GENERATE_INFOPLIST_FILE = YES;
				INFOPLIST_FILE = Stylor/Info.plist;
				INFOPLIST_KEY_UIApplicationSceneManifest_Generation = YES;
				INFOPLIST_KEY_UIApplicationSupportsIndirectInputEvents = YES;
				INFOPLIST_KEY_UILaunchScreen_Generation = YES;
				INFOPLIST_KEY_UISupportedInterfaceOrientations_iPad = "UIInterfaceOrientationPortrait UIInterfaceOrientationPortraitUpsideDown UIInterfaceOrientationLandscapeLeft UIInterfaceOrientationLandscapeRight";
				INFOPLIST_KEY_UISupportedInterfaceOrientations_iPhone = "UIInterfaceOrientationPortrait UIInterfaceOrientationLandscapeLeft UIInterfaceOrientationLandscapeRight";
				LD_RUNPATH_SEARCH_PATHS = (
					"$(inherited)",
					"@executable_path/Frameworks",
				);
				MARKETING_VERSION = 1.0;
				PRODUCT_BUNDLE_IDENTIFIER = CleanYourRoom.Stylor;
				PRODUCT_NAME = "$(TARGET_NAME)";
				SWIFT_EMIT_LOC_STRINGS = YES;
				SWIFT_VERSION = 5.0;
				TARGETED_DEVICE_FAMILY = "1,2";
			};
			name = Release;
		};
		D48A7B882C39D09000D3EDF7 /* Debug */ = {
			isa = XCBuildConfiguration;
			buildSettings = {
				ALWAYS_EMBED_SWIFT_STANDARD_LIBRARIES = YES;
				BUNDLE_LOADER = "$(TEST_HOST)";
				CODE_SIGN_STYLE = Automatic;
				CURRENT_PROJECT_VERSION = 1;
				DEVELOPMENT_TEAM = NN424AMHS3;
				GENERATE_INFOPLIST_FILE = YES;
				IPHONEOS_DEPLOYMENT_TARGET = 17.5;
				MARKETING_VERSION = 1.0;
				PRODUCT_BUNDLE_IDENTIFIER = CleanYourRoom.StylorTests;
				PRODUCT_NAME = "$(TARGET_NAME)";
				SWIFT_EMIT_LOC_STRINGS = NO;
				SWIFT_VERSION = 5.0;
				TARGETED_DEVICE_FAMILY = "1,2";
				TEST_HOST = "$(BUILT_PRODUCTS_DIR)/Stylor.app/$(BUNDLE_EXECUTABLE_FOLDER_PATH)/Stylor";
			};
			name = Debug;
		};
		D48A7B892C39D09000D3EDF7 /* Release */ = {
			isa = XCBuildConfiguration;
			buildSettings = {
				ALWAYS_EMBED_SWIFT_STANDARD_LIBRARIES = YES;
				BUNDLE_LOADER = "$(TEST_HOST)";
				CODE_SIGN_STYLE = Automatic;
				CURRENT_PROJECT_VERSION = 1;
				DEVELOPMENT_TEAM = NN424AMHS3;
				GENERATE_INFOPLIST_FILE = YES;
				IPHONEOS_DEPLOYMENT_TARGET = 17.5;
				MARKETING_VERSION = 1.0;
				PRODUCT_BUNDLE_IDENTIFIER = CleanYourRoom.StylorTests;
				PRODUCT_NAME = "$(TARGET_NAME)";
				SWIFT_EMIT_LOC_STRINGS = NO;
				SWIFT_VERSION = 5.0;
				TARGETED_DEVICE_FAMILY = "1,2";
				TEST_HOST = "$(BUILT_PRODUCTS_DIR)/Stylor.app/$(BUNDLE_EXECUTABLE_FOLDER_PATH)/Stylor";
			};
			name = Release;
		};
		D48A7B8B2C39D09000D3EDF7 /* Debug */ = {
			isa = XCBuildConfiguration;
			buildSettings = {
				ALWAYS_EMBED_SWIFT_STANDARD_LIBRARIES = YES;
				CODE_SIGN_STYLE = Automatic;
				CURRENT_PROJECT_VERSION = 1;
				DEVELOPMENT_TEAM = NN424AMHS3;
				GENERATE_INFOPLIST_FILE = YES;
				MARKETING_VERSION = 1.0;
				PRODUCT_BUNDLE_IDENTIFIER = CleanYourRoom.StylorUITests;
				PRODUCT_NAME = "$(TARGET_NAME)";
				SWIFT_EMIT_LOC_STRINGS = NO;
				SWIFT_VERSION = 5.0;
				TARGETED_DEVICE_FAMILY = "1,2";
				TEST_TARGET_NAME = Stylor;
			};
			name = Debug;
		};
		D48A7B8C2C39D09000D3EDF7 /* Release */ = {
			isa = XCBuildConfiguration;
			buildSettings = {
				ALWAYS_EMBED_SWIFT_STANDARD_LIBRARIES = YES;
				CODE_SIGN_STYLE = Automatic;
				CURRENT_PROJECT_VERSION = 1;
				DEVELOPMENT_TEAM = NN424AMHS3;
				GENERATE_INFOPLIST_FILE = YES;
				MARKETING_VERSION = 1.0;
				PRODUCT_BUNDLE_IDENTIFIER = CleanYourRoom.StylorUITests;
				PRODUCT_NAME = "$(TARGET_NAME)";
				SWIFT_EMIT_LOC_STRINGS = NO;
				SWIFT_VERSION = 5.0;
				TARGETED_DEVICE_FAMILY = "1,2";
				TEST_TARGET_NAME = Stylor;
			};
			name = Release;
		};
/* End XCBuildConfiguration section */

/* Begin XCConfigurationList section */
		D48A7B5B2C39D08F00D3EDF7 /* Build configuration list for PBXProject "Stylor" */ = {
			isa = XCConfigurationList;
			buildConfigurations = (
				D48A7B822C39D09000D3EDF7 /* Debug */,
				D48A7B832C39D09000D3EDF7 /* Release */,
			);
			defaultConfigurationIsVisible = 0;
			defaultConfigurationName = Release;
		};
		D48A7B842C39D09000D3EDF7 /* Build configuration list for PBXNativeTarget "Stylor" */ = {
			isa = XCConfigurationList;
			buildConfigurations = (
				D48A7B852C39D09000D3EDF7 /* Debug */,
				D48A7B862C39D09000D3EDF7 /* Release */,
			);
			defaultConfigurationIsVisible = 0;
			defaultConfigurationName = Release;
		};
		D48A7B872C39D09000D3EDF7 /* Build configuration list for PBXNativeTarget "StylorTests" */ = {
			isa = XCConfigurationList;
			buildConfigurations = (
				D48A7B882C39D09000D3EDF7 /* Debug */,
				D48A7B892C39D09000D3EDF7 /* Release */,
			);
			defaultConfigurationIsVisible = 0;
			defaultConfigurationName = Release;
		};
		D48A7B8A2C39D09000D3EDF7 /* Build configuration list for PBXNativeTarget "StylorUITests" */ = {
			isa = XCConfigurationList;
			buildConfigurations = (
				D48A7B8B2C39D09000D3EDF7 /* Debug */,
				D48A7B8C2C39D09000D3EDF7 /* Release */,
			);
			defaultConfigurationIsVisible = 0;
			defaultConfigurationName = Release;
		};
/* End XCConfigurationList section */

/* Begin XCRemoteSwiftPackageReference section */
		D48A7BA52C3DADF800D3EDF7 /* XCRemoteSwiftPackageReference "firebase-ios-sdk" */ = {
			isa = XCRemoteSwiftPackageReference;
			repositoryURL = "https://github.com/firebase/firebase-ios-sdk";
			requirement = {
				kind = upToNextMajorVersion;
				minimumVersion = 10.29.0;
			};
		};
/* End XCRemoteSwiftPackageReference section */

/* Begin XCSwiftPackageProductDependency section */
		D48A7BA82C3DAFD600D3EDF7 /* FirebaseAnalytics */ = {
			isa = XCSwiftPackageProductDependency;
			package = D48A7BA52C3DADF800D3EDF7 /* XCRemoteSwiftPackageReference "firebase-ios-sdk" */;
			productName = FirebaseAnalytics;
		};
		D48A7BAA2C3DAFD600D3EDF7 /* FirebaseAuth */ = {
			isa = XCSwiftPackageProductDependency;
			package = D48A7BA52C3DADF800D3EDF7 /* XCRemoteSwiftPackageReference "firebase-ios-sdk" */;
			productName = FirebaseAuth;
		};
		D48A7BAC2C3DAFD600D3EDF7 /* FirebaseDatabase */ = {
			isa = XCSwiftPackageProductDependency;
			package = D48A7BA52C3DADF800D3EDF7 /* XCRemoteSwiftPackageReference "firebase-ios-sdk" */;
			productName = FirebaseDatabase;
		};
		D49EA5142C496AF100097B49 /* FirebaseAnalytics */ = {
			isa = XCSwiftPackageProductDependency;
			package = D48A7BA52C3DADF800D3EDF7 /* XCRemoteSwiftPackageReference "firebase-ios-sdk" */;
			productName = FirebaseAnalytics;
		};
		D49EA5162C496AF100097B49 /* FirebaseAnalyticsOnDeviceConversion */ = {
			isa = XCSwiftPackageProductDependency;
			package = D48A7BA52C3DADF800D3EDF7 /* XCRemoteSwiftPackageReference "firebase-ios-sdk" */;
			productName = FirebaseAnalyticsOnDeviceConversion;
		};
		D49EA5182C496AF100097B49 /* FirebaseAnalyticsSwift */ = {
			isa = XCSwiftPackageProductDependency;
			package = D48A7BA52C3DADF800D3EDF7 /* XCRemoteSwiftPackageReference "firebase-ios-sdk" */;
			productName = FirebaseAnalyticsSwift;
		};
		D49EA51A2C496AF100097B49 /* FirebaseAnalyticsWithoutAdIdSupport */ = {
			isa = XCSwiftPackageProductDependency;
			package = D48A7BA52C3DADF800D3EDF7 /* XCRemoteSwiftPackageReference "firebase-ios-sdk" */;
			productName = FirebaseAnalyticsWithoutAdIdSupport;
		};
		D49EA51C2C496AF100097B49 /* FirebaseAppCheck */ = {
			isa = XCSwiftPackageProductDependency;
			package = D48A7BA52C3DADF800D3EDF7 /* XCRemoteSwiftPackageReference "firebase-ios-sdk" */;
			productName = FirebaseAppCheck;
		};
		D49EA51E2C496AF100097B49 /* FirebaseAppDistribution-Beta */ = {
			isa = XCSwiftPackageProductDependency;
			package = D48A7BA52C3DADF800D3EDF7 /* XCRemoteSwiftPackageReference "firebase-ios-sdk" */;
			productName = "FirebaseAppDistribution-Beta";
		};
		D49EA5202C496AF100097B49 /* FirebaseAuthCombine-Community */ = {
			isa = XCSwiftPackageProductDependency;
			package = D48A7BA52C3DADF800D3EDF7 /* XCRemoteSwiftPackageReference "firebase-ios-sdk" */;
			productName = "FirebaseAuthCombine-Community";
		};
		D49EA5222C496AF100097B49 /* FirebaseCrashlytics */ = {
			isa = XCSwiftPackageProductDependency;
			package = D48A7BA52C3DADF800D3EDF7 /* XCRemoteSwiftPackageReference "firebase-ios-sdk" */;
			productName = FirebaseCrashlytics;
		};
		D49EA5242C496AF100097B49 /* FirebaseDatabaseSwift */ = {
			isa = XCSwiftPackageProductDependency;
			package = D48A7BA52C3DADF800D3EDF7 /* XCRemoteSwiftPackageReference "firebase-ios-sdk" */;
			productName = FirebaseDatabaseSwift;
		};
		D49EA5262C496AF100097B49 /* FirebaseDynamicLinks */ = {
			isa = XCSwiftPackageProductDependency;
			package = D48A7BA52C3DADF800D3EDF7 /* XCRemoteSwiftPackageReference "firebase-ios-sdk" */;
			productName = FirebaseDynamicLinks;
		};
		D49EA5282C496AF100097B49 /* FirebaseFirestore */ = {
			isa = XCSwiftPackageProductDependency;
			package = D48A7BA52C3DADF800D3EDF7 /* XCRemoteSwiftPackageReference "firebase-ios-sdk" */;
			productName = FirebaseFirestore;
		};
		D49EA52A2C496AF100097B49 /* FirebaseFirestoreCombine-Community */ = {
			isa = XCSwiftPackageProductDependency;
			package = D48A7BA52C3DADF800D3EDF7 /* XCRemoteSwiftPackageReference "firebase-ios-sdk" */;
			productName = "FirebaseFirestoreCombine-Community";
		};
		D49EA52C2C496AF100097B49 /* FirebaseFirestoreSwift */ = {
			isa = XCSwiftPackageProductDependency;
			package = D48A7BA52C3DADF800D3EDF7 /* XCRemoteSwiftPackageReference "firebase-ios-sdk" */;
			productName = FirebaseFirestoreSwift;
		};
		D49EA52E2C496AF100097B49 /* FirebaseFunctions */ = {
			isa = XCSwiftPackageProductDependency;
			package = D48A7BA52C3DADF800D3EDF7 /* XCRemoteSwiftPackageReference "firebase-ios-sdk" */;
			productName = FirebaseFunctions;
		};
		D49EA5302C496AF100097B49 /* FirebaseFunctionsCombine-Community */ = {
			isa = XCSwiftPackageProductDependency;
			package = D48A7BA52C3DADF800D3EDF7 /* XCRemoteSwiftPackageReference "firebase-ios-sdk" */;
			productName = "FirebaseFunctionsCombine-Community";
		};
		D49EA5322C496AF100097B49 /* FirebaseInAppMessaging-Beta */ = {
			isa = XCSwiftPackageProductDependency;
			package = D48A7BA52C3DADF800D3EDF7 /* XCRemoteSwiftPackageReference "firebase-ios-sdk" */;
			productName = "FirebaseInAppMessaging-Beta";
		};
		D49EA5432C4BC67700097B49 /* FirebaseAuth */ = {
			isa = XCSwiftPackageProductDependency;
			package = D48A7BA52C3DADF800D3EDF7 /* XCRemoteSwiftPackageReference "firebase-ios-sdk" */;
			productName = FirebaseAuth;
		};
		D49EA5452C4BC67700097B49 /* FirebaseStorage */ = {
			isa = XCSwiftPackageProductDependency;
			package = D48A7BA52C3DADF800D3EDF7 /* XCRemoteSwiftPackageReference "firebase-ios-sdk" */;
			productName = FirebaseStorage;
		};
		D49EA5472C4BC67700097B49 /* FirebaseStorageCombine-Community */ = {
			isa = XCSwiftPackageProductDependency;
			package = D48A7BA52C3DADF800D3EDF7 /* XCRemoteSwiftPackageReference "firebase-ios-sdk" */;
			productName = "FirebaseStorageCombine-Community";
		};
/* End XCSwiftPackageProductDependency section */
	};
	rootObject = D48A7B582C39D08F00D3EDF7 /* Project object */;
}
